
Microsoft Visual Studio Solution File, Format Version 12.00
# Visual Studio Version 17
VisualStudioVersion = 17.10.34928.147
MinimumVisualStudioVersion = 10.0.40219.1
Project("{9A19103F-16F7-4668-BE54-9A1E7A4F7556}") = "PokemonReviewApp", "PokemonReviewApp\PokemonReviewApp.csproj", "{729E791B-02A8-48AD-9F8F-30388F952B5E}"
EndProject
Global
	GlobalSection(SolutionConfigurationPlatforms) = preSolution
		Debug|Any CPU = Debug|Any CPU
		Release|Any CPU = Release|Any CPU
	EndGlobalSection
	GlobalSection(ProjectConfigurationPlatforms) = postSolution
		{729E791B-02A8-48AD-9F8F-30388F952B5E}.Debug|Any CPU.ActiveCfg = Debug|Any CPU
		{729E791B-02A8-48AD-9F8F-30388F952B5E}.Debug|Any CPU.Build.0 = Debug|Any CPU
		{729E791B-02A8-48AD-9F8F-30388F952B5E}.Release|Any CPU.ActiveCfg = Release|Any CPU
		{729E791B-02A8-48AD-9F8F-30388F952B5E}.Release|Any CPU.Build.0 = Release|Any CPU
	EndGlobalSection
	GlobalSection(SolutionProperties) = preSolution
		HideSolutionNode = FALSE
	EndGlobalSection
	GlobalSection(ExtensibilityGlobals) = postSolution
		SolutionGuid = {EEC21A3C-F7E2-49C6-9BB7-C53B6BD6E6D6}
	EndGlobalSection
EndGlobal
